
Microsoft Visual Studio Solution File, Format Version 12.00
# Visual Studio Version 17
VisualStudioVersion = 17.11.35327.3
MinimumVisualStudioVersion = 10.0.40219.1
Project("{FAE04EC0-301F-11D3-BF4B-00C04F79EFBC}") = "MyLib", "MyLib.csproj", "{1E098F27-7B16-4FFF-A510-C2FB912A14E6}"
EndProject
Global
	GlobalSection(SolutionConfigurationPlatforms) = preSolution
		Debug|Any CPU = Debug|Any CPU
		Release|Any CPU = Release|Any CPU
	EndGlobalSection
	GlobalSection(ProjectConfigurationPlatforms) = postSolution
		{1E098F27-7B16-4FFF-A510-C2FB912A14E6}.Debug|Any CPU.ActiveCfg = Debug|Any CPU
		{1E098F27-7B16-4FFF-A510-C2FB912A14E6}.Debug|Any CPU.Build.0 = Debug|Any CPU
		{1E098F27-7B16-4FFF-A510-C2FB912A14E6}.Release|Any CPU.ActiveCfg = Release|Any CPU
		{1E098F27-7B16-4FFF-A510-C2FB912A14E6}.Release|Any CPU.Build.0 = Release|Any CPU
	EndGlobalSection
	GlobalSection(SolutionProperties) = preSolution
		HideSolutionNode = FALSE
	EndGlobalSection
	GlobalSection(ExtensibilityGlobals) = postSolution
		SolutionGuid = {39D015FA-4145-4F5F-AB9D-A3EB2C284599}
	EndGlobalSection
EndGlobal
